
Microsoft Visual Studio Solution File, Format Version 12.00
# Visual Studio Version 16
VisualStudioVersion = 25.0.1706.5
MinimumVisualStudioVersion = 10.0.40219.1
Project("{FAE04EC0-301F-11D3-BF4B-00C04F79EFBC}") = "KampIntro", "KampIntro\KampIntro.csproj", "{BB11DA2F-8045-467C-B4CE-29BD4AB07CDA}"
EndProject
Project("{FAE04EC0-301F-11D3-BF4B-00C04F79EFBC}") = "Methods", "Methods\Methods.csproj", "{87ACAEE6-0ED5-44B0-AD43-4CE8AD37A9D0}"
EndProject
Project("{FAE04EC0-301F-11D3-BF4B-00C04F79EFBC}") = "Math", "Math\Math.csproj", "{ACE3882F-612B-44B9-9A38-ED91A7E0EE53}"
EndProject
Project("{FAE04EC0-301F-11D3-BF4B-00C04F79EFBC}") = "ValueTypesReferenceTypes", "ValueTypesReferenceTypes\ValueTypesReferenceTypes.csproj", "{5A3E4706-A05E-46F2-90CF-5FD2BB403986}"
EndProject
Project("{FAE04EC0-301F-11D3-BF4B-00C04F79EFBC}") = "OOP1", "OOP1\OOP1.csproj", "{FF30D58A-D1BA-4154-8D3F-31F69BBCB822}"
EndProject
Global
	GlobalSection(SolutionConfigurationPlatforms) = preSolution
		Debug|Any CPU = Debug|Any CPU
		Release|Any CPU = Release|Any CPU
	EndGlobalSection
	GlobalSection(ProjectConfigurationPlatforms) = postSolution
		{BB11DA2F-8045-467C-B4CE-29BD4AB07CDA}.Debug|Any CPU.ActiveCfg = Debug|Any CPU
		{BB11DA2F-8045-467C-B4CE-29BD4AB07CDA}.Debug|Any CPU.Build.0 = Debug|Any CPU
		{BB11DA2F-8045-467C-B4CE-29BD4AB07CDA}.Release|Any CPU.ActiveCfg = Release|Any CPU
		{BB11DA2F-8045-467C-B4CE-29BD4AB07CDA}.Release|Any CPU.Build.0 = Release|Any CPU
		{87ACAEE6-0ED5-44B0-AD43-4CE8AD37A9D0}.Debug|Any CPU.ActiveCfg = Debug|Any CPU
		{87ACAEE6-0ED5-44B0-AD43-4CE8AD37A9D0}.Debug|Any CPU.Build.0 = Debug|Any CPU
		{87ACAEE6-0ED5-44B0-AD43-4CE8AD37A9D0}.Release|Any CPU.ActiveCfg = Release|Any CPU
		{87ACAEE6-0ED5-44B0-AD43-4CE8AD37A9D0}.Release|Any CPU.Build.0 = Release|Any CPU
		{ACE3882F-612B-44B9-9A38-ED91A7E0EE53}.Debug|Any CPU.ActiveCfg = Debug|Any CPU
		{ACE3882F-612B-44B9-9A38-ED91A7E0EE53}.Debug|Any CPU.Build.0 = Debug|Any CPU
		{ACE3882F-612B-44B9-9A38-ED91A7E0EE53}.Release|Any CPU.ActiveCfg = Release|Any CPU
		{ACE3882F-612B-44B9-9A38-ED91A7E0EE53}.Release|Any CPU.Build.0 = Release|Any CPU
		{5A3E4706-A05E-46F2-90CF-5FD2BB403986}.Debug|Any CPU.ActiveCfg = Debug|Any CPU
		{5A3E4706-A05E-46F2-90CF-5FD2BB403986}.Debug|Any CPU.Build.0 = Debug|Any CPU
		{5A3E4706-A05E-46F2-90CF-5FD2BB403986}.Release|Any CPU.ActiveCfg = Release|Any CPU
		{5A3E4706-A05E-46F2-90CF-5FD2BB403986}.Release|Any CPU.Build.0 = Release|Any CPU
		{FF30D58A-D1BA-4154-8D3F-31F69BBCB822}.Debug|Any CPU.ActiveCfg = Debug|Any CPU
		{FF30D58A-D1BA-4154-8D3F-31F69BBCB822}.Debug|Any CPU.Build.0 = Debug|Any CPU
		{FF30D58A-D1BA-4154-8D3F-31F69BBCB822}.Release|Any CPU.ActiveCfg = Release|Any CPU
		{FF30D58A-D1BA-4154-8D3F-31F69BBCB822}.Release|Any CPU.Build.0 = Release|Any CPU
	EndGlobalSection
	GlobalSection(SolutionProperties) = preSolution
		HideSolutionNode = FALSE
	EndGlobalSection
	GlobalSection(ExtensibilityGlobals) = postSolution
		SolutionGuid = {C1185444-8C6B-49C2-8FAE-0B47671D707C}
	EndGlobalSection
EndGlobal
